// !$*UTF8*$!
{
	archiveVersion = 1;
	classes = {
	};
	objectVersion = 46;
	objects = {

/* Begin PBXGroup section */
		A1FE737B1C6BB29B0032DA34 = {
			isa = PBXGroup;
			children = (
			);
			sourceTree = "<group>";
		};
/* End PBXGroup section */

/* Begin PBXProject section */
		A1FE737C1C6BB29B0032DA34 /* Project object */ = {
			isa = PBXProject;
			attributes = {
				LastUpgradeCheck = 0720;
			};
			buildConfigurationList = A1FE737F1C6BB29B0032DA34 /* Build configuration list for PBXProject "PrintTreeByLevel" */;
			compatibilityVersion = "Xcode 3.2";
			developmentRegion = English;
			hasScannedForEncodings = 0;
			knownRegions = (
				en,
			);
			mainGroup = A1FE737B1C6BB29B0032DA34;
			projectDirPath = "";
			projectRoot = "";
			targets = (
			);
		};
/* End PBXProject section */

/* Begin XCBuildConfiguration section */
		A1FE73801C6BB29B0032DA34 /* Debug */ = {
			isa = XCBuildConfiguration;
			buildSettings = {
			};
			name = Debug;
		};
		A1FE73811C6BB29B0032DA34 /* Release */ = {
			isa = XCBuildConfiguration;
			buildSettings = {
			};
			name = Release;
		};
/* End XCBuildConfiguration section */

/* Begin XCConfigurationList section */
		A1FE737F1C6BB29B0032DA34 /* Build configuration list for PBXProject "PrintTreeByLevel" */ = {
			isa = XCConfigurationList;
			buildConfigurations = (
				A1FE73801C6BB29B0032DA34 /* Debug */,
				A1FE73811C6BB29B0032DA34 /* Release */,
			);
			defaultConfigurationIsVisible = 0;
			defaultConfigurationName = Release;
		};
/* End XCConfigurationList section */
	};
	rootObject = A1FE737C1C6BB29B0032DA34 /* Project object */;
}
